
Microsoft Visual Studio Solution File, Format Version 12.00
Project("{FAE04EC0-301F-11D3-BF4B-00C04F79EFBC}") = "Examine.RemoteDirectory", "Examine.RemoteDirectory\Examine.RemoteDirectory.csproj", "{D3AA1219-AC57-48AE-BADA-66A488FAF773}"
EndProject
Project("{FAE04EC0-301F-11D3-BF4B-00C04F79EFBC}") = "Examine.AzureDirectory", "Examine.AzureDirectory\Examine.AzureDirectory.csproj", "{C3880B59-8B08-4990-B3FA-0A8DB9476319}"
EndProject
Project("{FAE04EC0-301F-11D3-BF4B-00C04F79EFBC}") = "Examine.S3Directory", "Examine.S3Directory\Examine.S3Directory.csproj", "{D429B602-5BC9-4570-A226-58696873CAC1}"
EndProject
Global
	GlobalSection(SolutionConfigurationPlatforms) = preSolution
		Debug|Any CPU = Debug|Any CPU
		Release|Any CPU = Release|Any CPU
	EndGlobalSection
	GlobalSection(ProjectConfigurationPlatforms) = postSolution
		{D3AA1219-AC57-48AE-BADA-66A488FAF773}.Debug|Any CPU.ActiveCfg = Debug|Any CPU
		{D3AA1219-AC57-48AE-BADA-66A488FAF773}.Debug|Any CPU.Build.0 = Debug|Any CPU
		{D3AA1219-AC57-48AE-BADA-66A488FAF773}.Release|Any CPU.ActiveCfg = Release|Any CPU
		{D3AA1219-AC57-48AE-BADA-66A488FAF773}.Release|Any CPU.Build.0 = Release|Any CPU
		{C3880B59-8B08-4990-B3FA-0A8DB9476319}.Debug|Any CPU.ActiveCfg = Debug|Any CPU
		{C3880B59-8B08-4990-B3FA-0A8DB9476319}.Debug|Any CPU.Build.0 = Debug|Any CPU
		{C3880B59-8B08-4990-B3FA-0A8DB9476319}.Release|Any CPU.ActiveCfg = Release|Any CPU
		{C3880B59-8B08-4990-B3FA-0A8DB9476319}.Release|Any CPU.Build.0 = Release|Any CPU
		{D429B602-5BC9-4570-A226-58696873CAC1}.Debug|Any CPU.ActiveCfg = Debug|Any CPU
		{D429B602-5BC9-4570-A226-58696873CAC1}.Debug|Any CPU.Build.0 = Debug|Any CPU
		{D429B602-5BC9-4570-A226-58696873CAC1}.Release|Any CPU.ActiveCfg = Release|Any CPU
		{D429B602-5BC9-4570-A226-58696873CAC1}.Release|Any CPU.Build.0 = Release|Any CPU
	EndGlobalSection
EndGlobal
